
Microsoft Visual Studio Solution File, Format Version 12.00
# Visual Studio 15
VisualStudioVersion = 15.0.28307.1169
MinimumVisualStudioVersion = 10.0.40219.1
Project("{FAE04EC0-301F-11D3-BF4B-00C04F79EFBC}") = "Middleware", "Middleware\Middleware.csproj", "{300F6886-E5B1-4431-AFAE-930418ECA559}"
EndProject
Project("{FAE04EC0-301F-11D3-BF4B-00C04F79EFBC}") = "ClientWCF", "ClientWCF\ClientWCF.csproj", "{C692F6F6-E824-49C6-83A7-8E4AA558388C}"
	ProjectSection(ProjectDependencies) = postProject
		{300F6886-E5B1-4431-AFAE-930418ECA559} = {300F6886-E5B1-4431-AFAE-930418ECA559}
	EndProjectSection
EndProject
Global
	GlobalSection(SolutionConfigurationPlatforms) = preSolution
		Debug|Any CPU = Debug|Any CPU
		Release|Any CPU = Release|Any CPU
	EndGlobalSection
	GlobalSection(ProjectConfigurationPlatforms) = postSolution
		{300F6886-E5B1-4431-AFAE-930418ECA559}.Debug|Any CPU.ActiveCfg = Debug|Any CPU
		{300F6886-E5B1-4431-AFAE-930418ECA559}.Debug|Any CPU.Build.0 = Debug|Any CPU
		{300F6886-E5B1-4431-AFAE-930418ECA559}.Release|Any CPU.ActiveCfg = Release|Any CPU
		{300F6886-E5B1-4431-AFAE-930418ECA559}.Release|Any CPU.Build.0 = Release|Any CPU
		{C692F6F6-E824-49C6-83A7-8E4AA558388C}.Debug|Any CPU.ActiveCfg = Debug|Any CPU
		{C692F6F6-E824-49C6-83A7-8E4AA558388C}.Debug|Any CPU.Build.0 = Debug|Any CPU
		{C692F6F6-E824-49C6-83A7-8E4AA558388C}.Release|Any CPU.ActiveCfg = Release|Any CPU
		{C692F6F6-E824-49C6-83A7-8E4AA558388C}.Release|Any CPU.Build.0 = Release|Any CPU
	EndGlobalSection
	GlobalSection(SolutionProperties) = preSolution
		HideSolutionNode = FALSE
	EndGlobalSection
	GlobalSection(ExtensibilityGlobals) = postSolution
		SolutionGuid = {80144E7C-8E6D-4190-A59A-C047992F0B89}
	EndGlobalSection
EndGlobal
